# Generated by conda-lock.
# platform: osx-arm64
# input_hash: d75f2e393069d1cc9de04d1fc0b937f29cb3f644103d3c44c5fc8528753f5abf
@EXPLICIT
https://conda.anaconda.org/conda-forge/osx-arm64/bzip2-1.0.8-h93a5062_5.conda#1bbc659ca658bfd49a481b5ef7a0f40f
https://conda.anaconda.org/conda-forge/osx-arm64/ca-certificates-2023.11.17-hf0a4a13_0.conda#c01da7c77cfcba2107174e25c1d47384
https://conda.anaconda.org/conda-forge/osx-arm64/icu-73.2-hc8870d7_0.conda#8521bd47c0e11c5902535bb1a17c565f
https://conda.anaconda.org/conda-forge/osx-arm64/libcxx-16.0.6-h4653b0c_0.conda#9d7d724faf0413bf1dbc5a85935700c8
https://conda.anaconda.org/conda-forge/osx-arm64/libffi-3.4.2-h3422bc3_5.tar.bz2#086914b672be056eb70fd4285b6783b6
https://conda.anaconda.org/conda-forge/noarch/libgfortran-devel_osx-arm64-13.2.0-h5d7a38c_1.conda#4612c820524bb3846e5266844a8772fd
https://conda.anaconda.org/conda-forge/osx-arm64/libiconv-1.17-h0d3ecfb_2.conda#69bda57310071cf6d2b86caf11573d2d
https://conda.anaconda.org/conda-forge/osx-arm64/libzlib-1.2.13-h53f4e23_5.conda#1a47f5236db2e06a320ffa0392f81bd8
https://conda.anaconda.org/conda-forge/osx-arm64/llvm-openmp-17.0.6-hcd81f8e_0.conda#52019d2fa0eddbbc4e6dcd30fae0c0a4
https://conda.anaconda.org/conda-forge/osx-arm64/python_abi-3.10-4_cp310.conda#1a3d9c6bb5f0b1b22d9e9296c127e8c7
https://conda.anaconda.org/conda-forge/noarch/tzdata-2023c-h71feb2d_0.conda#939e3e74d8be4dac89ce83b20de2492a
https://conda.anaconda.org/conda-forge/osx-arm64/xz-5.2.6-h57fd34a_0.tar.bz2#39c6b54e94014701dd157f4f576ed211
https://conda.anaconda.org/conda-forge/osx-arm64/gmp-6.3.0-h965bd2d_0.conda#bb8f17b25ebdb9d8819c2c5bf3ccb180
https://conda.anaconda.org/conda-forge/osx-arm64/isl-0.25-h9a09cb3_0.tar.bz2#b0c90b63ffeb9e2d045be8f5bc64741c
https://conda.anaconda.org/conda-forge/osx-arm64/libgfortran5-13.2.0-hf226fd6_1.conda#4480d71b98c87faafab132d33e23135e
https://conda.anaconda.org/conda-forge/osx-arm64/libsqlite-3.44.2-h091b4b1_0.conda#d7e1af696cfadec251a0abdd7b79ed77
https://conda.anaconda.org/conda-forge/osx-arm64/libxml2-2.12.3-h0d0cfa8_0.conda#84e330ed40b5bf8e95a65529ccb94a14
https://conda.anaconda.org/conda-forge/osx-arm64/ncurses-6.4-h463b476_2.conda#52b6f254a7b9663e854f44b6570ed982
https://conda.anaconda.org/conda-forge/osx-arm64/openssl-3.2.0-h0d3ecfb_1.conda#47d16d26100f19ca495882882b7bc93b
https://conda.anaconda.org/conda-forge/osx-arm64/tapi-1100.0.11-he4954df_0.tar.bz2#d83362e7d0513f35f454bc50b0ca591d
https://conda.anaconda.org/conda-forge/osx-arm64/tk-8.6.13-h5083fa2_1.conda#b50a57ba89c32b62428b71a875291c9b
https://conda.anaconda.org/conda-forge/osx-arm64/zlib-1.2.13-h53f4e23_5.conda#a08383f223b10b71492d27566fafbf6c
https://conda.anaconda.org/conda-forge/osx-arm64/zstd-1.5.5-h4f39d0f_0.conda#5b212cfb7f9d71d603ad891879dc7933
https://conda.anaconda.org/conda-forge/osx-arm64/libgfortran-5.0.0-13_2_0_hd922786_1.conda#1ad37a5c60c250bb2b4a9f75563e181c
https://conda.anaconda.org/conda-forge/osx-arm64/libllvm17-17.0.6-haab561b_1.conda#97ee380aa3d33ee26f69e7767f54896d
https://conda.anaconda.org/conda-forge/osx-arm64/mpfr-4.2.1-h9546428_0.conda#a0d56e1ff4ac1babc2e95516aeba7d24
https://conda.anaconda.org/conda-forge/osx-arm64/readline-8.2-h92ec313_1.conda#8cbb776a2f641b943d413b3e19df71f4
https://conda.anaconda.org/conda-forge/osx-arm64/sigtool-0.1.3-h44b9a77_0.tar.bz2#4a2cac04f86a4540b8c9b8d8f597848f
https://conda.anaconda.org/conda-forge/osx-arm64/ld64_osx-arm64-609-h6a44367_15.conda#ea2b4d2bd99cd875bdf6ab8335b169aa
https://conda.anaconda.org/conda-forge/osx-arm64/libclang-cpp17-17.0.6-default_hd209bcb_1.conda#ae85640ef2b89113e2e637dadeadabc9
https://conda.anaconda.org/conda-forge/osx-arm64/libopenblas-0.3.25-openmp_h6c19121_0.conda#a1843550403212b9dedeeb31466ade03
https://conda.anaconda.org/conda-forge/osx-arm64/llvm-tools-17.0.6-haab561b_1.conda#a219d22bab8f16b9d9c4e3bcda15c377
https://conda.anaconda.org/conda-forge/osx-arm64/mpc-1.3.1-h91ba8db_0.conda#362af269d860ae49580f8f032a68b0df
https://conda.anaconda.org/conda-forge/osx-arm64/python-3.10.13-h2469fbe_0_cpython.conda#c962b55e55a14d30f61fe11b84c2b319
https://conda.anaconda.org/conda-forge/osx-arm64/brotli-python-1.1.0-py310h1253130_1.conda#26fab7f65a80fff9f402ec3b7860b88a
https://conda.anaconda.org/conda-forge/osx-arm64/cctools_osx-arm64-973.0.1-h998149b_15.conda#7bc933267d0d834d8fbd896be0eed16f
https://conda.anaconda.org/conda-forge/noarch/certifi-2023.11.17-pyhd8ed1ab_0.conda#2011bcf45376341dd1d690263fdbc789
https://conda.anaconda.org/conda-forge/noarch/charset-normalizer-3.3.2-pyhd8ed1ab_0.conda#7f4a9e3fcff3f6356ae99244a014da6a
https://conda.anaconda.org/conda-forge/osx-arm64/clang-17-17.0.6-default_hd209bcb_1.conda#006d619b25d4a919a37fe77b6b999781
https://conda.anaconda.org/conda-forge/noarch/colorama-0.4.6-pyhd8ed1ab_0.tar.bz2#3faab06a954c2a04039983f2c4a50d99
https://conda.anaconda.org/conda-forge/noarch/crashtest-0.4.1-pyhd8ed1ab_0.tar.bz2#709a2295dd907bb34afb57d54320642f
https://conda.anaconda.org/conda-forge/noarch/distlib-0.3.8-pyhd8ed1ab_0.conda#db16c66b759a64dc5183d69cc3745a52
https://conda.anaconda.org/conda-forge/noarch/filelock-3.13.1-pyhd8ed1ab_0.conda#0c1729b74a8152fde6a38ba0a2ab9f45
https://conda.anaconda.org/conda-forge/osx-arm64/gfortran_impl_osx-arm64-13.2.0-h30f4408_1.conda#d881611ea70799ff9be7eb644d2f9e98
https://conda.anaconda.org/conda-forge/noarch/idna-3.6-pyhd8ed1ab_0.conda#1a76f09108576397c41c0b0c5bd84134
https://conda.anaconda.org/conda-forge/osx-arm64/ld64-609-h39a299f_15.conda#11e0b183bcfe8a83d8a743085b012165
https://conda.anaconda.org/conda-forge/osx-arm64/libblas-3.9.0-20_osxarm64_openblas.conda#49bc8dec26663241ee064b2d7116ec2d
https://conda.anaconda.org/conda-forge/noarch/more-itertools-10.1.0-pyhd8ed1ab_0.conda#8549fafed0351bbfaa1ddaa15fdf9b4e
https://conda.anaconda.org/conda-forge/osx-arm64/msgpack-python-1.0.7-py310hd137fd4_0.conda#41c4e1ac2202c508b2d9b8de7e5aebeb
https://conda.anaconda.org/conda-forge/noarch/packaging-23.2-pyhd8ed1ab_0.conda#79002079284aa895f883c6b7f3f88fd6
https://conda.anaconda.org/conda-forge/noarch/pkginfo-1.9.6-pyhd8ed1ab_0.conda#be1e9f1c65a1ed0f2ae9352fec99db64
https://conda.anaconda.org/conda-forge/noarch/poetry-core-1.8.1-pyhd8ed1ab_0.conda#a013d99ae50670b823c511f7274d2d2a
https://conda.anaconda.org/conda-forge/noarch/ptyprocess-0.7.0-pyhd3deb0d_0.tar.bz2#359eeb6536da0e687af562ed265ec263
https://conda.anaconda.org/conda-forge/noarch/pycparser-2.21-pyhd8ed1ab_0.tar.bz2#076becd9e05608f8dc72757d5f3a91ff
https://conda.anaconda.org/conda-forge/noarch/pysocks-1.7.1-pyha2e5f31_6.tar.bz2#2a7de29fb590ca14b5243c4c812c8025
https://conda.anaconda.org/conda-forge/noarch/python-fastjsonschema-2.19.0-pyhd8ed1ab_0.conda#e4dbdb3585c0266b4710467fe7b75cf4
https://conda.anaconda.org/conda-forge/noarch/python-installer-0.7.0-pyhd8ed1ab_0.conda#65dea78f903d686c8b0c2feaf0e15e1f
https://conda.anaconda.org/conda-forge/noarch/setuptools-68.2.2-pyhd8ed1ab_0.conda#fc2166155db840c634a1291a5c35a709
https://conda.anaconda.org/conda-forge/noarch/shellingham-1.5.4-pyhd8ed1ab_0.conda#d08db09a552699ee9e7eec56b4eb3899
https://conda.anaconda.org/conda-forge/noarch/tomli-2.0.1-pyhd8ed1ab_0.tar.bz2#5844808ffab9ebdb694585b50ba02a96
https://conda.anaconda.org/conda-forge/noarch/tomlkit-0.12.3-pyha770c72_0.conda#074d0ce7a6261ab8b497c3518796ef3e
https://conda.anaconda.org/conda-forge/noarch/trove-classifiers-2023.11.29-pyhd8ed1ab_0.conda#b355907cec4e6a516f2909396add77c8
https://conda.anaconda.org/conda-forge/noarch/typing_extensions-4.9.0-pyha770c72_0.conda#a92a6440c3fe7052d63244f3aba2a4a7
https://conda.anaconda.org/conda-forge/noarch/wheel-0.42.0-pyhd8ed1ab_0.conda#1cdea58981c5cbc17b51973bcaddcea7
https://conda.anaconda.org/conda-forge/noarch/zipp-3.17.0-pyhd8ed1ab_0.conda#2e4d6bc0b14e10f895fc6791a7d9b26a
https://conda.anaconda.org/conda-forge/osx-arm64/cctools-973.0.1-hf67d63f_15.conda#21dfd549339bcbcbaf310ceddebf24da
https://conda.anaconda.org/conda-forge/osx-arm64/cffi-1.16.0-py310hdcd7c05_0.conda#8855823d908004e4d3b4fd4218795ad2
https://conda.anaconda.org/conda-forge/osx-arm64/clang-17.0.6-haab561b_1.conda#bea6885d5cdf8bd629c2805322ee4073
https://conda.anaconda.org/conda-forge/noarch/importlib-metadata-7.0.0-pyha770c72_0.conda#a941237cd06538837b25cd245fcd25d8
https://conda.anaconda.org/conda-forge/noarch/jaraco.classes-3.3.0-pyhd8ed1ab_0.conda#e9f79248d30e942f7c358ff21a1790f5
https://conda.anaconda.org/conda-forge/osx-arm64/libcblas-3.9.0-20_osxarm64_openblas.conda#89f4718753c08afe8cda4dd5791ba94c
https://conda.anaconda.org/conda-forge/osx-arm64/liblapack-3.9.0-20_osxarm64_openblas.conda#1fefac78f2315455ce2d7f34782eac0a
https://conda.anaconda.org/conda-forge/noarch/pexpect-4.8.0-pyh1a96a4e_2.tar.bz2#330448ce4403cc74990ac07c555942a1
https://conda.anaconda.org/conda-forge/noarch/pip-23.3.2-pyhd8ed1ab_0.conda#8591c748f98dcc02253003533bc2e4b1
https://conda.anaconda.org/conda-forge/noarch/poetry-plugin-export-1.6.0-pyhd8ed1ab_0.conda#1f2184db9f337d1074b1d5769165cac9
https://conda.anaconda.org/conda-forge/noarch/pyproject_hooks-1.0.0-pyhd8ed1ab_0.conda#21de50391d584eb7f4441b9de1ad773f
https://conda.anaconda.org/conda-forge/noarch/typing-extensions-4.9.0-hd8ed1ab_0.conda#c16524c1b7227dc80b36b4fa6f77cc86
https://conda.anaconda.org/conda-forge/noarch/urllib3-2.1.0-pyhd8ed1ab_0.conda#f8ced8ee63830dec7ecc1be048d1470a
https://conda.anaconda.org/conda-forge/osx-arm64/clangxx-17.0.6-default_h5c94ee4_1.conda#1cf372068e199138c5e2ecb498393dd9
https://conda.anaconda.org/conda-forge/osx-arm64/dulwich-0.21.7-py310hd125d64_0.conda#fb968023e30c9747c740dfdf7c3ac360
https://conda.anaconda.org/conda-forge/noarch/importlib_metadata-7.0.0-hd8ed1ab_0.conda#12aff14f84c337be5e5636bf612f4140
https://conda.anaconda.org/conda-forge/osx-arm64/numpy-1.26.2-py310h30ee222_0.conda#baea68ccbc288b1a8afb237ddee162c8
https://conda.anaconda.org/conda-forge/noarch/platformdirs-3.11.0-pyhd8ed1ab_0.conda#8f567c0a74aa44cf732f15773b4083b0
https://conda.anaconda.org/conda-forge/noarch/python-build-1.0.3-pyhd8ed1ab_0.conda#d9ccabf228cb98419ca3d5694b25e1a2
https://conda.anaconda.org/conda-forge/noarch/requests-2.31.0-pyhd8ed1ab_0.conda#a30144e4156cdbb236f99ebb49828f8b
https://conda.anaconda.org/conda-forge/osx-arm64/xattr-0.10.1-py310h2aa6e3c_1.conda#85fcddd54915ee81c8dce83c3071af1b
https://conda.anaconda.org/conda-forge/noarch/cachecontrol-0.13.1-pyhd8ed1ab_0.conda#174bd699bb5aa9e2622eb4b288276ff8
https://conda.anaconda.org/conda-forge/noarch/compiler-rt_osx-arm64-17.0.6-h3808999_1.conda#c091b6b38205d680839690fec0714f81
https://conda.anaconda.org/conda-forge/osx-arm64/keyring-24.3.0-py310hbe9552e_0.conda#e56a84448f0a83d460e787251a5b792e
https://conda.anaconda.org/conda-forge/osx-arm64/rapidfuzz-3.5.2-py310hd5a4765_0.conda#59d3aa274556f0d2afb2d4997a186ff4
https://conda.anaconda.org/conda-forge/noarch/requests-toolbelt-1.0.0-pyhd8ed1ab_0.conda#99c98318c8646b08cc764f90ce98906e
https://conda.anaconda.org/conda-forge/noarch/virtualenv-20.25.0-pyhd8ed1ab_0.conda#c119653cba436d8183c27bf6d190e587
https://conda.anaconda.org/conda-forge/noarch/cachecontrol-with-filecache-0.13.1-pyhd8ed1ab_0.conda#8c4781ca0893cff3a64423954ce234a1
https://conda.anaconda.org/conda-forge/noarch/cleo-2.1.0-pyhd8ed1ab_0.conda#69569ea8a6d1465193345a40421d138b
https://conda.anaconda.org/conda-forge/osx-arm64/compiler-rt-17.0.6-h3808999_1.conda#daf36a077a744fec01b4a82c72892e1a
https://conda.anaconda.org/conda-forge/osx-arm64/clang_impl_osx-arm64-17.0.6-he47c785_7.conda#125e5b9b5b4e5a9ec96d27baa9bdcf19
https://conda.anaconda.org/conda-forge/noarch/poetry-1.7.1-osx_pyh534df25_0.conda#4ebf180279e2c0274249cafdd29720cf
https://conda.anaconda.org/conda-forge/osx-arm64/clang_osx-arm64-17.0.6-h54d7cd3_7.conda#8f116231eae72a5f091984f6af854dd1
https://conda.anaconda.org/conda-forge/osx-arm64/gfortran_osx-arm64-13.2.0-h57527a5_1.conda#13ca786286ed5efc9dc75f64b5101210
https://conda.anaconda.org/conda-forge/osx-arm64/gfortran-13.2.0-h1ca8e4b_1.conda#9eac94b5f64ba2d59ef2424cc44bebea
